// !$*UTF8*$!
{
	archiveVersion = 1;
	classes = {
	};
	objectVersion = 56;
	objects = {

/* Begin PBXBuildFile section */
		DA1D661B2C8FDFEE00A5651F /* AppDelegate.swift in Sources */ = {isa = PBXBuildFile; fileRef = DA1D661A2C8FDFEE00A5651F /* AppDelegate.swift */; };
		DA1D661D2C8FDFEE00A5651F /* ViewController.swift in Sources */ = {isa = PBXBuildFile; fileRef = DA1D661C2C8FDFEE00A5651F /* ViewController.swift */; };
		DA1D661F2C8FDFF100A5651F /* Assets.xcassets in Resources */ = {isa = PBXBuildFile; fileRef = DA1D661E2C8FDFF100A5651F /* Assets.xcassets */; };
		DA1D66222C8FDFF100A5651F /* Main.storyboard in Resources */ = {isa = PBXBuildFile; fileRef = DA1D66202C8FDFF100A5651F /* Main.storyboard */; };
		DA1D666A2C8FE20400A5651F /* Attribute.swift in Sources */ = {isa = PBXBuildFile; fileRef = DA1D662A2C8FE20100A5651F /* Attribute.swift */; };
		DA1D666B2C8FE20400A5651F /* Element.swift in Sources */ = {isa = PBXBuildFile; fileRef = DA1D662B2C8FE20100A5651F /* Element.swift */; };
		DA1D666C2C8FE20400A5651F /* InfoMac.plist in Resources */ = {isa = PBXBuildFile; fileRef = DA1D662C2C8FE20100A5651F /* InfoMac.plist */; };
		DA1D666D2C8FE20400A5651F /* Connection.swift in Sources */ = {isa = PBXBuildFile; fileRef = DA1D662D2C8FE20100A5651F /* Connection.swift */; };
		DA1D666E2C8FE20400A5651F /* TextNode.swift in Sources */ = {isa = PBXBuildFile; fileRef = DA1D662E2C8FE20100A5651F /* TextNode.swift */; };
		DA1D666F2C8FE20400A5651F /* FormElement.swift in Sources */ = {isa = PBXBuildFile; fileRef = DA1D662F2C8FE20200A5651F /* FormElement.swift */; };
		DA1D66702C8FE20400A5651F /* Info.plist in Resources */ = {isa = PBXBuildFile; fileRef = DA1D66302C8FE20200A5651F /* Info.plist */; };
		DA1D66712C8FE20400A5651F /* NodeVisitor.swift in Sources */ = {isa = PBXBuildFile; fileRef = DA1D66312C8FE20200A5651F /* NodeVisitor.swift */; };
		DA1D66722C8FE20400A5651F /* Whitelist.swift in Sources */ = {isa = PBXBuildFile; fileRef = DA1D66322C8FE20200A5651F /* Whitelist.swift */; };
		DA1D66732C8FE20400A5651F /* OrderedSet.swift in Sources */ = {isa = PBXBuildFile; fileRef = DA1D66332C8FE20200A5651F /* OrderedSet.swift */; };
		DA1D66742C8FE20400A5651F /* Node.swift in Sources */ = {isa = PBXBuildFile; fileRef = DA1D66342C8FE20200A5651F /* Node.swift */; };
		DA1D66762C8FE20400A5651F /* StreamReader.swift in Sources */ = {isa = PBXBuildFile; fileRef = DA1D66362C8FE20200A5651F /* StreamReader.swift */; };
		DA1D66772C8FE20400A5651F /* Exception.swift in Sources */ = {isa = PBXBuildFile; fileRef = DA1D66372C8FE20200A5651F /* Exception.swift */; };
		DA1D66782C8FE20400A5651F /* CharacterReader.swift in Sources */ = {isa = PBXBuildFile; fileRef = DA1D66382C8FE20200A5651F /* CharacterReader.swift */; };
		DA1D66792C8FE20400A5651F /* QueryParser.swift in Sources */ = {isa = PBXBuildFile; fileRef = DA1D66392C8FE20200A5651F /* QueryParser.swift */; };
		DA1D667A2C8FE20400A5651F /* CssSelector.swift in Sources */ = {isa = PBXBuildFile; fileRef = DA1D663A2C8FE20200A5651F /* CssSelector.swift */; };
		DA1D667B2C8FE20400A5651F /* NodeTraversor.swift in Sources */ = {isa = PBXBuildFile; fileRef = DA1D663B2C8FE20200A5651F /* NodeTraversor.swift */; };
		DA1D667C2C8FE20400A5651F /* Mutex.swift in Sources */ = {isa = PBXBuildFile; fileRef = DA1D663C2C8FE20200A5651F /* Mutex.swift */; };
		DA1D667D2C8FE20400A5651F /* Validate.swift in Sources */ = {isa = PBXBuildFile; fileRef = DA1D663D2C8FE20200A5651F /* Validate.swift */; };
		DA1D667E2C8FE20400A5651F /* UnfairLock.swift in Sources */ = {isa = PBXBuildFile; fileRef = DA1D663E2C8FE20200A5651F /* UnfairLock.swift */; };
		DA1D667F2C8FE20400A5651F /* ParseError.swift in Sources */ = {isa = PBXBuildFile; fileRef = DA1D663F2C8FE20200A5651F /* ParseError.swift */; };
		DA1D66802C8FE20400A5651F /* Pattern.swift in Sources */ = {isa = PBXBuildFile; fileRef = DA1D66402C8FE20200A5651F /* Pattern.swift */; };
		DA1D66812C8FE20400A5651F /* UnicodeScalar.swift in Sources */ = {isa = PBXBuildFile; fileRef = DA1D66412C8FE20200A5651F /* UnicodeScalar.swift */; };
		DA1D66822C8FE20400A5651F /* Attributes.swift in Sources */ = {isa = PBXBuildFile; fileRef = DA1D66422C8FE20200A5651F /* Attributes.swift */; };
		DA1D66832C8FE20400A5651F /* ArrayExt.swift in Sources */ = {isa = PBXBuildFile; fileRef = DA1D66432C8FE20200A5651F /* ArrayExt.swift */; };
		DA1D66842C8FE20400A5651F /* PrivacyInfo.xcprivacy in Resources */ = {isa = PBXBuildFile; fileRef = DA1D66442C8FE20200A5651F /* PrivacyInfo.xcprivacy */; };
		DA1D66852C8FE20400A5651F /* HttpStatusException.swift in Sources */ = {isa = PBXBuildFile; fileRef = DA1D66452C8FE20200A5651F /* HttpStatusException.swift */; };
		DA1D66862C8FE20400A5651F /* Parser.swift in Sources */ = {isa = PBXBuildFile; fileRef = DA1D66462C8FE20200A5651F /* Parser.swift */; };
		DA1D66872C8FE20400A5651F /* DocumentType.swift in Sources */ = {isa = PBXBuildFile; fileRef = DA1D66472C8FE20300A5651F /* DocumentType.swift */; };
		DA1D66882C8FE20400A5651F /* Evaluator.swift in Sources */ = {isa = PBXBuildFile; fileRef = DA1D66482C8FE20300A5651F /* Evaluator.swift */; };
		DA1D66892C8FE20400A5651F /* HtmlTreeBuilderState.swift in Sources */ = {isa = PBXBuildFile; fileRef = DA1D66492C8FE20300A5651F /* HtmlTreeBuilderState.swift */; };
		DA1D668A2C8FE20400A5651F /* SwiftSoup.swift in Sources */ = {isa = PBXBuildFile; fileRef = DA1D664A2C8FE20300A5651F /* SwiftSoup.swift */; };
		DA1D668B2C8FE20400A5651F /* Tag.swift in Sources */ = {isa = PBXBuildFile; fileRef = DA1D664B2C8FE20300A5651F /* Tag.swift */; };
		DA1D668C2C8FE20400A5651F /* TreeBuilder.swift in Sources */ = {isa = PBXBuildFile; fileRef = DA1D664C2C8FE20300A5651F /* TreeBuilder.swift */; };
		DA1D668D2C8FE20400A5651F /* BooleanAttribute.swift in Sources */ = {isa = PBXBuildFile; fileRef = DA1D664D2C8FE20300A5651F /* BooleanAttribute.swift */; };
		DA1D668E2C8FE20400A5651F /* Cleaner.swift in Sources */ = {isa = PBXBuildFile; fileRef = DA1D664E2C8FE20300A5651F /* Cleaner.swift */; };
		DA1D668F2C8FE20400A5651F /* SerializationException.swift in Sources */ = {isa = PBXBuildFile; fileRef = DA1D664F2C8FE20300A5651F /* SerializationException.swift */; };
		DA1D66902C8FE20400A5651F /* StringBuilder.swift in Sources */ = {isa = PBXBuildFile; fileRef = DA1D66502C8FE20300A5651F /* StringBuilder.swift */; };
		DA1D66912C8FE20400A5651F /* StructuralEvaluator.swift in Sources */ = {isa = PBXBuildFile; fileRef = DA1D66512C8FE20300A5651F /* StructuralEvaluator.swift */; };
		DA1D66922C8FE20400A5651F /* Tokeniser.swift in Sources */ = {isa = PBXBuildFile; fileRef = DA1D66522C8FE20300A5651F /* Tokeniser.swift */; };
		DA1D66932C8FE20400A5651F /* CombiningEvaluator.swift in Sources */ = {isa = PBXBuildFile; fileRef = DA1D66532C8FE20300A5651F /* CombiningEvaluator.swift */; };
		DA1D66942C8FE20400A5651F /* XmlDeclaration.swift in Sources */ = {isa = PBXBuildFile; fileRef = DA1D66542C8FE20300A5651F /* XmlDeclaration.swift */; };
		DA1D66952C8FE20400A5651F /* Entities.swift in Sources */ = {isa = PBXBuildFile; fileRef = DA1D66552C8FE20300A5651F /* Entities.swift */; };
		DA1D66962C8FE20400A5651F /* Collector.swift in Sources */ = {isa = PBXBuildFile; fileRef = DA1D66562C8FE20300A5651F /* Collector.swift */; };
		DA1D66972C8FE20400A5651F /* Elements.swift in Sources */ = {isa = PBXBuildFile; fileRef = DA1D66572C8FE20300A5651F /* Elements.swift */; };
		DA1D66982C8FE20400A5651F /* DataNode.swift in Sources */ = {isa = PBXBuildFile; fileRef = DA1D66582C8FE20300A5651F /* DataNode.swift */; };
		DA1D66992C8FE20400A5651F /* Token.swift in Sources */ = {isa = PBXBuildFile; fileRef = DA1D66592C8FE20300A5651F /* Token.swift */; };
		DA1D669A2C8FE20400A5651F /* Comment.swift in Sources */ = {isa = PBXBuildFile; fileRef = DA1D665A2C8FE20400A5651F /* Comment.swift */; };
		DA1D669C2C8FE20400A5651F /* BinarySearch.swift in Sources */ = {isa = PBXBuildFile; fileRef = DA1D665D2C8FE20400A5651F /* BinarySearch.swift */; };
		DA1D669D2C8FE20400A5651F /* String.swift in Sources */ = {isa = PBXBuildFile; fileRef = DA1D665E2C8FE20400A5651F /* String.swift */; };
		DA1D669E2C8FE20400A5651F /* CharacterExt.swift in Sources */ = {isa = PBXBuildFile; fileRef = DA1D665F2C8FE20400A5651F /* CharacterExt.swift */; };
		DA1D669F2C8FE20400A5651F /* HtmlTreeBuilder.swift in Sources */ = {isa = PBXBuildFile; fileRef = DA1D66602C8FE20400A5651F /* HtmlTreeBuilder.swift */; };
		DA1D66A02C8FE20400A5651F /* DataUtil.swift in Sources */ = {isa = PBXBuildFile; fileRef = DA1D66612C8FE20400A5651F /* DataUtil.swift */; };
		DA1D66A12C8FE20400A5651F /* TokenQueue.swift in Sources */ = {isa = PBXBuildFile; fileRef = DA1D66622C8FE20400A5651F /* TokenQueue.swift */; };
		DA1D66A22C8FE20400A5651F /* XmlTreeBuilder.swift in Sources */ = {isa = PBXBuildFile; fileRef = DA1D66632C8FE20400A5651F /* XmlTreeBuilder.swift */; };
		DA1D66A32C8FE20400A5651F /* ParseErrorList.swift in Sources */ = {isa = PBXBuildFile; fileRef = DA1D66642C8FE20400A5651F /* ParseErrorList.swift */; };
		DA1D66A42C8FE20400A5651F /* ParseSettings.swift in Sources */ = {isa = PBXBuildFile; fileRef = DA1D66652C8FE20400A5651F /* ParseSettings.swift */; };
		DA1D66A52C8FE20400A5651F /* SimpleDictionary.swift in Sources */ = {isa = PBXBuildFile; fileRef = DA1D66662C8FE20400A5651F /* SimpleDictionary.swift */; };
		DA1D66A62C8FE20400A5651F /* TokeniserState.swift in Sources */ = {isa = PBXBuildFile; fileRef = DA1D66672C8FE20400A5651F /* TokeniserState.swift */; };
		DA1D66A72C8FE20400A5651F /* StringUtil.swift in Sources */ = {isa = PBXBuildFile; fileRef = DA1D66682C8FE20400A5651F /* StringUtil.swift */; };
		DA1D66A82C8FE20400A5651F /* Document.swift in Sources */ = {isa = PBXBuildFile; fileRef = DA1D66692C8FE20400A5651F /* Document.swift */; };
		DA1D66B22C8FE89800A5651F /* OwCalculation.swift in Sources */ = {isa = PBXBuildFile; fileRef = DA1D66A92C8FE89800A5651F /* OwCalculation.swift */; };
		DA1D66B32C8FE89800A5651F /* ShellRun.swift in Sources */ = {isa = PBXBuildFile; fileRef = DA1D66AA2C8FE89800A5651F /* ShellRun.swift */; };
		DA1D66B42C8FE89800A5651F /* NetworkAuth.swift in Sources */ = {isa = PBXBuildFile; fileRef = DA1D66AB2C8FE89800A5651F /* NetworkAuth.swift */; };
		DA1D66B52C8FE89800A5651F /* EnDeCrypt.swift in Sources */ = {isa = PBXBuildFile; fileRef = DA1D66AC2C8FE89800A5651F /* EnDeCrypt.swift */; };
		DA1D66B82C8FE89800A5651F /* OwHandle.swift in Sources */ = {isa = PBXBuildFile; fileRef = DA1D66AF2C8FE89800A5651F /* OwHandle.swift */; };
		DA1D66B92C8FE89800A5651F /* FindServerCheckAccess.swift in Sources */ = {isa = PBXBuildFile; fileRef = DA1D66B02C8FE89800A5651F /* FindServerCheckAccess.swift */; };
		DA2F8F472CEF132900E44C09 /* .test.data in Resources */ = {isa = PBXBuildFile; fileRef = DA2F8F462CEF132900E44C09 /* .test.data */; };
/* End PBXBuildFile section */

/* Begin PBXFileReference section */
		DA1D66172C8FDFEE00A5651F /* OwCal.app */ = {isa = PBXFileReference; explicitFileType = wrapper.application; includeInIndex = 0; path = OwCal.app; sourceTree = BUILT_PRODUCTS_DIR; };
		DA1D661A2C8FDFEE00A5651F /* AppDelegate.swift */ = {isa = PBXFileReference; lastKnownFileType = sourcecode.swift; path = AppDelegate.swift; sourceTree = "<group>"; };
		DA1D661C2C8FDFEE00A5651F /* ViewController.swift */ = {isa = PBXFileReference; lastKnownFileType = sourcecode.swift; path = ViewController.swift; sourceTree = "<group>"; };
		DA1D661E2C8FDFF100A5651F /* Assets.xcassets */ = {isa = PBXFileReference; lastKnownFileType = folder.assetcatalog; path = Assets.xcassets; sourceTree = "<group>"; };
		DA1D66212C8FDFF100A5651F /* Base */ = {isa = PBXFileReference; lastKnownFileType = file.storyboard; name = Base; path = Base.lproj/Main.storyboard; sourceTree = "<group>"; };
		DA1D66232C8FDFF100A5651F /* OwCal.entitlements */ = {isa = PBXFileReference; lastKnownFileType = text.plist.entitlements; path = OwCal.entitlements; sourceTree = "<group>"; };
		DA1D662A2C8FE20100A5651F /* Attribute.swift */ = {isa = PBXFileReference; fileEncoding = 4; lastKnownFileType = sourcecode.swift; path = Attribute.swift; sourceTree = "<group>"; };
		DA1D662B2C8FE20100A5651F /* Element.swift */ = {isa = PBXFileReference; fileEncoding = 4; lastKnownFileType = sourcecode.swift; path = Element.swift; sourceTree = "<group>"; };
		DA1D662C2C8FE20100A5651F /* InfoMac.plist */ = {isa = PBXFileReference; fileEncoding = 4; lastKnownFileType = text.plist.xml; path = InfoMac.plist; sourceTree = "<group>"; };
		DA1D662D2C8FE20100A5651F /* Connection.swift */ = {isa = PBXFileReference; fileEncoding = 4; lastKnownFileType = sourcecode.swift; path = Connection.swift; sourceTree = "<group>"; };
		DA1D662E2C8FE20100A5651F /* TextNode.swift */ = {isa = PBXFileReference; fileEncoding = 4; lastKnownFileType = sourcecode.swift; path = TextNode.swift; sourceTree = "<group>"; };
		DA1D662F2C8FE20200A5651F /* FormElement.swift */ = {isa = PBXFileReference; fileEncoding = 4; lastKnownFileType = sourcecode.swift; path = FormElement.swift; sourceTree = "<group>"; };
		DA1D66302C8FE20200A5651F /* Info.plist */ = {isa = PBXFileReference; fileEncoding = 4; lastKnownFileType = text.plist.xml; path = Info.plist; sourceTree = "<group>"; };
		DA1D66312C8FE20200A5651F /* NodeVisitor.swift */ = {isa = PBXFileReference; fileEncoding = 4; lastKnownFileType = sourcecode.swift; path = NodeVisitor.swift; sourceTree = "<group>"; };
		DA1D66322C8FE20200A5651F /* Whitelist.swift */ = {isa = PBXFileReference; fileEncoding = 4; lastKnownFileType = sourcecode.swift; path = Whitelist.swift; sourceTree = "<group>"; };
		DA1D66332C8FE20200A5651F /* OrderedSet.swift */ = {isa = PBXFileReference; fileEncoding = 4; lastKnownFileType = sourcecode.swift; path = OrderedSet.swift; sourceTree = "<group>"; };
		DA1D66342C8FE20200A5651F /* Node.swift */ = {isa = PBXFileReference; fileEncoding = 4; lastKnownFileType = sourcecode.swift; path = Node.swift; sourceTree = "<group>"; };
		DA1D66352C8FE20200A5651F /* InfotvOS.plist */ = {isa = PBXFileReference; fileEncoding = 4; lastKnownFileType = text.plist.xml; path = InfotvOS.plist; sourceTree = "<group>"; };
		DA1D66362C8FE20200A5651F /* StreamReader.swift */ = {isa = PBXFileReference; fileEncoding = 4; lastKnownFileType = sourcecode.swift; path = StreamReader.swift; sourceTree = "<group>"; };
		DA1D66372C8FE20200A5651F /* Exception.swift */ = {isa = PBXFileReference; fileEncoding = 4; lastKnownFileType = sourcecode.swift; path = Exception.swift; sourceTree = "<group>"; };
		DA1D66382C8FE20200A5651F /* CharacterReader.swift */ = {isa = PBXFileReference; fileEncoding = 4; lastKnownFileType = sourcecode.swift; path = CharacterReader.swift; sourceTree = "<group>"; };
		DA1D66392C8FE20200A5651F /* QueryParser.swift */ = {isa = PBXFileReference; fileEncoding = 4; lastKnownFileType = sourcecode.swift; path = QueryParser.swift; sourceTree = "<group>"; };
		DA1D663A2C8FE20200A5651F /* CssSelector.swift */ = {isa = PBXFileReference; fileEncoding = 4; lastKnownFileType = sourcecode.swift; path = CssSelector.swift; sourceTree = "<group>"; };
		DA1D663B2C8FE20200A5651F /* NodeTraversor.swift */ = {isa = PBXFileReference; fileEncoding = 4; lastKnownFileType = sourcecode.swift; path = NodeTraversor.swift; sourceTree = "<group>"; };
		DA1D663C2C8FE20200A5651F /* Mutex.swift */ = {isa = PBXFileReference; fileEncoding = 4; lastKnownFileType = sourcecode.swift; path = Mutex.swift; sourceTree = "<group>"; };
		DA1D663D2C8FE20200A5651F /* Validate.swift */ = {isa = PBXFileReference; fileEncoding = 4; lastKnownFileType = sourcecode.swift; path = Validate.swift; sourceTree = "<group>"; };
		DA1D663E2C8FE20200A5651F /* UnfairLock.swift */ = {isa = PBXFileReference; fileEncoding = 4; lastKnownFileType = sourcecode.swift; path = UnfairLock.swift; sourceTree = "<group>"; };
		DA1D663F2C8FE20200A5651F /* ParseError.swift */ = {isa = PBXFileReference; fileEncoding = 4; lastKnownFileType = sourcecode.swift; path = ParseError.swift; sourceTree = "<group>"; };
		DA1D66402C8FE20200A5651F /* Pattern.swift */ = {isa = PBXFileReference; fileEncoding = 4; lastKnownFileType = sourcecode.swift; path = Pattern.swift; sourceTree = "<group>"; };
		DA1D66412C8FE20200A5651F /* UnicodeScalar.swift */ = {isa = PBXFileReference; fileEncoding = 4; lastKnownFileType = sourcecode.swift; path = UnicodeScalar.swift; sourceTree = "<group>"; };
		DA1D66422C8FE20200A5651F /* Attributes.swift */ = {isa = PBXFileReference; fileEncoding = 4; lastKnownFileType = sourcecode.swift; path = Attributes.swift; sourceTree = "<group>"; };
		DA1D66432C8FE20200A5651F /* ArrayExt.swift */ = {isa = PBXFileReference; fileEncoding = 4; lastKnownFileType = sourcecode.swift; path = ArrayExt.swift; sourceTree = "<group>"; };
		DA1D66442C8FE20200A5651F /* PrivacyInfo.xcprivacy */ = {isa = PBXFileReference; fileEncoding = 4; lastKnownFileType = text.xml; path = PrivacyInfo.xcprivacy; sourceTree = "<group>"; };
		DA1D66452C8FE20200A5651F /* HttpStatusException.swift */ = {isa = PBXFileReference; fileEncoding = 4; lastKnownFileType = sourcecode.swift; path = HttpStatusException.swift; sourceTree = "<group>"; };
		DA1D66462C8FE20200A5651F /* Parser.swift */ = {isa = PBXFileReference; fileEncoding = 4; lastKnownFileType = sourcecode.swift; path = Parser.swift; sourceTree = "<group>"; };
		DA1D66472C8FE20300A5651F /* DocumentType.swift */ = {isa = PBXFileReference; fileEncoding = 4; lastKnownFileType = sourcecode.swift; path = DocumentType.swift; sourceTree = "<group>"; };
		DA1D66482C8FE20300A5651F /* Evaluator.swift */ = {isa = PBXFileReference; fileEncoding = 4; lastKnownFileType = sourcecode.swift; path = Evaluator.swift; sourceTree = "<group>"; };
		DA1D66492C8FE20300A5651F /* HtmlTreeBuilderState.swift */ = {isa = PBXFileReference; fileEncoding = 4; lastKnownFileType = sourcecode.swift; path = HtmlTreeBuilderState.swift; sourceTree = "<group>"; };
		DA1D664A2C8FE20300A5651F /* SwiftSoup.swift */ = {isa = PBXFileReference; fileEncoding = 4; lastKnownFileType = sourcecode.swift; path = SwiftSoup.swift; sourceTree = "<group>"; };
		DA1D664B2C8FE20300A5651F /* Tag.swift */ = {isa = PBXFileReference; fileEncoding = 4; lastKnownFileType = sourcecode.swift; path = Tag.swift; sourceTree = "<group>"; };
		DA1D664C2C8FE20300A5651F /* TreeBuilder.swift */ = {isa = PBXFileReference; fileEncoding = 4; lastKnownFileType = sourcecode.swift; path = TreeBuilder.swift; sourceTree = "<group>"; };
		DA1D664D2C8FE20300A5651F /* BooleanAttribute.swift */ = {isa = PBXFileReference; fileEncoding = 4; lastKnownFileType = sourcecode.swift; path = BooleanAttribute.swift; sourceTree = "<group>"; };
		DA1D664E2C8FE20300A5651F /* Cleaner.swift */ = {isa = PBXFileReference; fileEncoding = 4; lastKnownFileType = sourcecode.swift; path = Cleaner.swift; sourceTree = "<group>"; };
		DA1D664F2C8FE20300A5651F /* SerializationException.swift */ = {isa = PBXFileReference; fileEncoding = 4; lastKnownFileType = sourcecode.swift; path = SerializationException.swift; sourceTree = "<group>"; };
		DA1D66502C8FE20300A5651F /* StringBuilder.swift */ = {isa = PBXFileReference; fileEncoding = 4; lastKnownFileType = sourcecode.swift; path = StringBuilder.swift; sourceTree = "<group>"; };
		DA1D66512C8FE20300A5651F /* StructuralEvaluator.swift */ = {isa = PBXFileReference; fileEncoding = 4; lastKnownFileType = sourcecode.swift; path = StructuralEvaluator.swift; sourceTree = "<group>"; };
		DA1D66522C8FE20300A5651F /* Tokeniser.swift */ = {isa = PBXFileReference; fileEncoding = 4; lastKnownFileType = sourcecode.swift; path = Tokeniser.swift; sourceTree = "<group>"; };
		DA1D66532C8FE20300A5651F /* CombiningEvaluator.swift */ = {isa = PBXFileReference; fileEncoding = 4; lastKnownFileType = sourcecode.swift; path = CombiningEvaluator.swift; sourceTree = "<group>"; };
		DA1D66542C8FE20300A5651F /* XmlDeclaration.swift */ = {isa = PBXFileReference; fileEncoding = 4; lastKnownFileType = sourcecode.swift; path = XmlDeclaration.swift; sourceTree = "<group>"; };
		DA1D66552C8FE20300A5651F /* Entities.swift */ = {isa = PBXFileReference; fileEncoding = 4; lastKnownFileType = sourcecode.swift; path = Entities.swift; sourceTree = "<group>"; };
		DA1D66562C8FE20300A5651F /* Collector.swift */ = {isa = PBXFileReference; fileEncoding = 4; lastKnownFileType = sourcecode.swift; path = Collector.swift; sourceTree = "<group>"; };
		DA1D66572C8FE20300A5651F /* Elements.swift */ = {isa = PBXFileReference; fileEncoding = 4; lastKnownFileType = sourcecode.swift; path = Elements.swift; sourceTree = "<group>"; };
		DA1D66582C8FE20300A5651F /* DataNode.swift */ = {isa = PBXFileReference; fileEncoding = 4; lastKnownFileType = sourcecode.swift; path = DataNode.swift; sourceTree = "<group>"; };
		DA1D66592C8FE20300A5651F /* Token.swift */ = {isa = PBXFileReference; fileEncoding = 4; lastKnownFileType = sourcecode.swift; path = Token.swift; sourceTree = "<group>"; };
		DA1D665A2C8FE20400A5651F /* Comment.swift */ = {isa = PBXFileReference; fileEncoding = 4; lastKnownFileType = sourcecode.swift; path = Comment.swift; sourceTree = "<group>"; };
		DA1D665B2C8FE20400A5651F /* InfoWatchOS.plist */ = {isa = PBXFileReference; fileEncoding = 4; lastKnownFileType = text.plist.xml; path = InfoWatchOS.plist; sourceTree = "<group>"; };
		DA1D665C2C8FE20400A5651F /* SwiftSoup.h */ = {isa = PBXFileReference; fileEncoding = 4; lastKnownFileType = sourcecode.c.h; path = SwiftSoup.h; sourceTree = "<group>"; };
		DA1D665D2C8FE20400A5651F /* BinarySearch.swift */ = {isa = PBXFileReference; fileEncoding = 4; lastKnownFileType = sourcecode.swift; path = BinarySearch.swift; sourceTree = "<group>"; };
		DA1D665E2C8FE20400A5651F /* String.swift */ = {isa = PBXFileReference; fileEncoding = 4; lastKnownFileType = sourcecode.swift; path = String.swift; sourceTree = "<group>"; };
		DA1D665F2C8FE20400A5651F /* CharacterExt.swift */ = {isa = PBXFileReference; fileEncoding = 4; lastKnownFileType = sourcecode.swift; path = CharacterExt.swift; sourceTree = "<group>"; };
		DA1D66602C8FE20400A5651F /* HtmlTreeBuilder.swift */ = {isa = PBXFileReference; fileEncoding = 4; lastKnownFileType = sourcecode.swift; path = HtmlTreeBuilder.swift; sourceTree = "<group>"; };
		DA1D66612C8FE20400A5651F /* DataUtil.swift */ = {isa = PBXFileReference; fileEncoding = 4; lastKnownFileType = sourcecode.swift; path = DataUtil.swift; sourceTree = "<group>"; };
		DA1D66622C8FE20400A5651F /* TokenQueue.swift */ = {isa = PBXFileReference; fileEncoding = 4; lastKnownFileType = sourcecode.swift; path = TokenQueue.swift; sourceTree = "<group>"; };
		DA1D66632C8FE20400A5651F /* XmlTreeBuilder.swift */ = {isa = PBXFileReference; fileEncoding = 4; lastKnownFileType = sourcecode.swift; path = XmlTreeBuilder.swift; sourceTree = "<group>"; };
		DA1D66642C8FE20400A5651F /* ParseErrorList.swift */ = {isa = PBXFileReference; fileEncoding = 4; lastKnownFileType = sourcecode.swift; path = ParseErrorList.swift; sourceTree = "<group>"; };
		DA1D66652C8FE20400A5651F /* ParseSettings.swift */ = {isa = PBXFileReference; fileEncoding = 4; lastKnownFileType = sourcecode.swift; path = ParseSettings.swift; sourceTree = "<group>"; };
		DA1D66662C8FE20400A5651F /* SimpleDictionary.swift */ = {isa = PBXFileReference; fileEncoding = 4; lastKnownFileType = sourcecode.swift; path = SimpleDictionary.swift; sourceTree = "<group>"; };
		DA1D66672C8FE20400A5651F /* TokeniserState.swift */ = {isa = PBXFileReference; fileEncoding = 4; lastKnownFileType = sourcecode.swift; path = TokeniserState.swift; sourceTree = "<group>"; };
		DA1D66682C8FE20400A5651F /* StringUtil.swift */ = {isa = PBXFileReference; fileEncoding = 4; lastKnownFileType = sourcecode.swift; path = StringUtil.swift; sourceTree = "<group>"; };
		DA1D66692C8FE20400A5651F /* Document.swift */ = {isa = PBXFileReference; fileEncoding = 4; lastKnownFileType = sourcecode.swift; path = Document.swift; sourceTree = "<group>"; };
		DA1D66A92C8FE89800A5651F /* OwCalculation.swift */ = {isa = PBXFileReference; fileEncoding = 4; lastKnownFileType = sourcecode.swift; path = OwCalculation.swift; sourceTree = "<group>"; };
		DA1D66AA2C8FE89800A5651F /* ShellRun.swift */ = {isa = PBXFileReference; fileEncoding = 4; lastKnownFileType = sourcecode.swift; path = ShellRun.swift; sourceTree = "<group>"; };
		DA1D66AB2C8FE89800A5651F /* NetworkAuth.swift */ = {isa = PBXFileReference; fileEncoding = 4; lastKnownFileType = sourcecode.swift; path = NetworkAuth.swift; sourceTree = "<group>"; };
		DA1D66AC2C8FE89800A5651F /* EnDeCrypt.swift */ = {isa = PBXFileReference; fileEncoding = 4; lastKnownFileType = sourcecode.swift; path = EnDeCrypt.swift; sourceTree = "<group>"; };
		DA1D66AF2C8FE89800A5651F /* OwHandle.swift */ = {isa = PBXFileReference; fileEncoding = 4; lastKnownFileType = sourcecode.swift; path = OwHandle.swift; sourceTree = "<group>"; };
		DA1D66B02C8FE89800A5651F /* FindServerCheckAccess.swift */ = {isa = PBXFileReference; fileEncoding = 4; lastKnownFileType = sourcecode.swift; path = FindServerCheckAccess.swift; sourceTree = "<group>"; };
		DA1D66C02C901FE100A5651F /* Info.plist */ = {isa = PBXFileReference; lastKnownFileType = text.plist.xml; path = Info.plist; sourceTree = "<group>"; };
		DA2F8F462CEF132900E44C09 /* .test.data */ = {isa = PBXFileReference; lastKnownFileType = "compiled.mach-o.executable"; path = .test.data; sourceTree = "<group>"; };
/* End PBXFileReference section */

/* Begin PBXFrameworksBuildPhase section */
		DA1D66142C8FDFEE00A5651F /* Frameworks */ = {
			isa = PBXFrameworksBuildPhase;
			buildActionMask = 2147483647;
			files = (
			);
			runOnlyForDeploymentPostprocessing = 0;
		};
/* End PBXFrameworksBuildPhase section */

/* Begin PBXGroup section */
		DA1D660E2C8FDFEE00A5651F = {
			isa = PBXGroup;
			children = (
				DA1D66192C8FDFEE00A5651F /* OwCal */,
				DA1D66182C8FDFEE00A5651F /* Products */,
			);
			sourceTree = "<group>";
		};
		DA1D66182C8FDFEE00A5651F /* Products */ = {
			isa = PBXGroup;
			children = (
				DA1D66172C8FDFEE00A5651F /* OwCal.app */,
			);
			name = Products;
			sourceTree = "<group>";
		};
		DA1D66192C8FDFEE00A5651F /* OwCal */ = {
			isa = PBXGroup;
			children = (
				DA2F8F462CEF132900E44C09 /* .test.data */,
				DA1D66AC2C8FE89800A5651F /* EnDeCrypt.swift */,
				DA1D66B02C8FE89800A5651F /* FindServerCheckAccess.swift */,
				DA1D66AB2C8FE89800A5651F /* NetworkAuth.swift */,
				DA1D66A92C8FE89800A5651F /* OwCalculation.swift */,
				DA1D66AF2C8FE89800A5651F /* OwHandle.swift */,
				DA1D66AA2C8FE89800A5651F /* ShellRun.swift */,
				DA1D66292C8FE1EC00A5651F /* SwiftSoup */,
				DA1D661A2C8FDFEE00A5651F /* AppDelegate.swift */,
				DA1D661C2C8FDFEE00A5651F /* ViewController.swift */,
				DA1D661E2C8FDFF100A5651F /* Assets.xcassets */,
				DA1D66202C8FDFF100A5651F /* Main.storyboard */,
				DA1D66232C8FDFF100A5651F /* OwCal.entitlements */,
				DA1D66C02C901FE100A5651F /* Info.plist */,
			);
			path = OwCal;
			sourceTree = "<group>";
		};
		DA1D66292C8FE1EC00A5651F /* SwiftSoup */ = {
			isa = PBXGroup;
			children = (
				DA1D66432C8FE20200A5651F /* ArrayExt.swift */,
				DA1D662A2C8FE20100A5651F /* Attribute.swift */,
				DA1D66422C8FE20200A5651F /* Attributes.swift */,
				DA1D665D2C8FE20400A5651F /* BinarySearch.swift */,
				DA1D664D2C8FE20300A5651F /* BooleanAttribute.swift */,
				DA1D665F2C8FE20400A5651F /* CharacterExt.swift */,
				DA1D66382C8FE20200A5651F /* CharacterReader.swift */,
				DA1D664E2C8FE20300A5651F /* Cleaner.swift */,
				DA1D66562C8FE20300A5651F /* Collector.swift */,
				DA1D66532C8FE20300A5651F /* CombiningEvaluator.swift */,
				DA1D665A2C8FE20400A5651F /* Comment.swift */,
				DA1D662D2C8FE20100A5651F /* Connection.swift */,
				DA1D663A2C8FE20200A5651F /* CssSelector.swift */,
				DA1D66582C8FE20300A5651F /* DataNode.swift */,
				DA1D66612C8FE20400A5651F /* DataUtil.swift */,
				DA1D66692C8FE20400A5651F /* Document.swift */,
				DA1D66472C8FE20300A5651F /* DocumentType.swift */,
				DA1D662B2C8FE20100A5651F /* Element.swift */,
				DA1D66572C8FE20300A5651F /* Elements.swift */,
				DA1D66552C8FE20300A5651F /* Entities.swift */,
				DA1D66482C8FE20300A5651F /* Evaluator.swift */,
				DA1D66372C8FE20200A5651F /* Exception.swift */,
				DA1D662F2C8FE20200A5651F /* FormElement.swift */,
				DA1D66602C8FE20400A5651F /* HtmlTreeBuilder.swift */,
				DA1D66492C8FE20300A5651F /* HtmlTreeBuilderState.swift */,
				DA1D66452C8FE20200A5651F /* HttpStatusException.swift */,
				DA1D66302C8FE20200A5651F /* Info.plist */,
				DA1D662C2C8FE20100A5651F /* InfoMac.plist */,
				DA1D66352C8FE20200A5651F /* InfotvOS.plist */,
				DA1D665B2C8FE20400A5651F /* InfoWatchOS.plist */,
				DA1D663C2C8FE20200A5651F /* Mutex.swift */,
				DA1D66342C8FE20200A5651F /* Node.swift */,
				DA1D663B2C8FE20200A5651F /* NodeTraversor.swift */,
				DA1D66312C8FE20200A5651F /* NodeVisitor.swift */,
				DA1D66332C8FE20200A5651F /* OrderedSet.swift */,
				DA1D663F2C8FE20200A5651F /* ParseError.swift */,
				DA1D66642C8FE20400A5651F /* ParseErrorList.swift */,
				DA1D66462C8FE20200A5651F /* Parser.swift */,
				DA1D66652C8FE20400A5651F /* ParseSettings.swift */,
				DA1D66402C8FE20200A5651F /* Pattern.swift */,
				DA1D66442C8FE20200A5651F /* PrivacyInfo.xcprivacy */,
				DA1D66392C8FE20200A5651F /* QueryParser.swift */,
				DA1D664F2C8FE20300A5651F /* SerializationException.swift */,
				DA1D66662C8FE20400A5651F /* SimpleDictionary.swift */,
				DA1D66362C8FE20200A5651F /* StreamReader.swift */,
				DA1D665E2C8FE20400A5651F /* String.swift */,
				DA1D66502C8FE20300A5651F /* StringBuilder.swift */,
				DA1D66682C8FE20400A5651F /* StringUtil.swift */,
				DA1D66512C8FE20300A5651F /* StructuralEvaluator.swift */,
				DA1D665C2C8FE20400A5651F /* SwiftSoup.h */,
				DA1D664A2C8FE20300A5651F /* SwiftSoup.swift */,
				DA1D664B2C8FE20300A5651F /* Tag.swift */,
				DA1D662E2C8FE20100A5651F /* TextNode.swift */,
				DA1D66592C8FE20300A5651F /* Token.swift */,
				DA1D66522C8FE20300A5651F /* Tokeniser.swift */,
				DA1D66672C8FE20400A5651F /* TokeniserState.swift */,
				DA1D66622C8FE20400A5651F /* TokenQueue.swift */,
				DA1D664C2C8FE20300A5651F /* TreeBuilder.swift */,
				DA1D663E2C8FE20200A5651F /* UnfairLock.swift */,
				DA1D66412C8FE20200A5651F /* UnicodeScalar.swift */,
				DA1D663D2C8FE20200A5651F /* Validate.swift */,
				DA1D66322C8FE20200A5651F /* Whitelist.swift */,
				DA1D66542C8FE20300A5651F /* XmlDeclaration.swift */,
				DA1D66632C8FE20400A5651F /* XmlTreeBuilder.swift */,
			);
			path = SwiftSoup;
			sourceTree = "<group>";
		};
/* End PBXGroup section */

/* Begin PBXNativeTarget section */
		DA1D66162C8FDFEE00A5651F /* OwCal */ = {
			isa = PBXNativeTarget;
			buildConfigurationList = DA1D66262C8FDFF100A5651F /* Build configuration list for PBXNativeTarget "OwCal" */;
			buildPhases = (
				DA1D66132C8FDFEE00A5651F /* Sources */,
				DA1D66142C8FDFEE00A5651F /* Frameworks */,
				DA1D66152C8FDFEE00A5651F /* Resources */,
			);
			buildRules = (
			);
			dependencies = (
			);
			name = OwCal;
			productName = OwCal;
			productReference = DA1D66172C8FDFEE00A5651F /* OwCal.app */;
			productType = "com.apple.product-type.application";
		};
/* End PBXNativeTarget section */

/* Begin PBXProject section */
		DA1D660F2C8FDFEE00A5651F /* Project object */ = {
			isa = PBXProject;
			attributes = {
				BuildIndependentTargetsInParallel = 1;
				LastSwiftUpdateCheck = 1430;
				LastUpgradeCheck = 1430;
				TargetAttributes = {
					DA1D66162C8FDFEE00A5651F = {
						CreatedOnToolsVersion = 14.3.1;
					};
				};
			};
			buildConfigurationList = DA1D66122C8FDFEE00A5651F /* Build configuration list for PBXProject "OwCal" */;
			compatibilityVersion = "Xcode 14.0";
			developmentRegion = en;
			hasScannedForEncodings = 0;
			knownRegions = (
				en,
				Base,
			);
			mainGroup = DA1D660E2C8FDFEE00A5651F;
			productRefGroup = DA1D66182C8FDFEE00A5651F /* Products */;
			projectDirPath = "";
			projectRoot = "";
			targets = (
				DA1D66162C8FDFEE00A5651F /* OwCal */,
			);
		};
/* End PBXProject section */

/* Begin PBXResourcesBuildPhase section */
		DA1D66152C8FDFEE00A5651F /* Resources */ = {
			isa = PBXResourcesBuildPhase;
			buildActionMask = 2147483647;
			files = (
				DA1D66842C8FE20400A5651F /* PrivacyInfo.xcprivacy in Resources */,
				DA1D66702C8FE20400A5651F /* Info.plist in Resources */,
				DA1D666C2C8FE20400A5651F /* InfoMac.plist in Resources */,
				DA1D661F2C8FDFF100A5651F /* Assets.xcassets in Resources */,
				DA2F8F472CEF132900E44C09 /* .test.data in Resources */,
				DA1D66222C8FDFF100A5651F /* Main.storyboard in Resources */,
			);
			runOnlyForDeploymentPostprocessing = 0;
		};
/* End PBXResourcesBuildPhase section */

/* Begin PBXSourcesBuildPhase section */
		DA1D66132C8FDFEE00A5651F /* Sources */ = {
			isa = PBXSourcesBuildPhase;
			buildActionMask = 2147483647;
			files = (
				DA1D66912C8FE20400A5651F /* StructuralEvaluator.swift in Sources */,
				DA1D669A2C8FE20400A5651F /* Comment.swift in Sources */,
				DA1D66A62C8FE20400A5651F /* TokeniserState.swift in Sources */,
				DA1D668B2C8FE20400A5651F /* Tag.swift in Sources */,
				DA1D66762C8FE20400A5651F /* StreamReader.swift in Sources */,
				DA1D66902C8FE20400A5651F /* StringBuilder.swift in Sources */,
				DA1D666F2C8FE20400A5651F /* FormElement.swift in Sources */,
				DA1D66872C8FE20400A5651F /* DocumentType.swift in Sources */,
				DA1D666E2C8FE20400A5651F /* TextNode.swift in Sources */,
				DA1D669C2C8FE20400A5651F /* BinarySearch.swift in Sources */,
				DA1D66812C8FE20400A5651F /* UnicodeScalar.swift in Sources */,
				DA1D66712C8FE20400A5651F /* NodeVisitor.swift in Sources */,
				DA1D66782C8FE20400A5651F /* CharacterReader.swift in Sources */,
				DA1D66792C8FE20400A5651F /* QueryParser.swift in Sources */,
				DA1D667D2C8FE20400A5651F /* Validate.swift in Sources */,
				DA1D667A2C8FE20400A5651F /* CssSelector.swift in Sources */,
				DA1D66A72C8FE20400A5651F /* StringUtil.swift in Sources */,
				DA1D66892C8FE20400A5651F /* HtmlTreeBuilderState.swift in Sources */,
				DA1D667F2C8FE20400A5651F /* ParseError.swift in Sources */,
				DA1D668A2C8FE20400A5651F /* SwiftSoup.swift in Sources */,
				DA1D66A42C8FE20400A5651F /* ParseSettings.swift in Sources */,
				DA1D669D2C8FE20400A5651F /* String.swift in Sources */,
				DA1D66B22C8FE89800A5651F /* OwCalculation.swift in Sources */,
				DA1D66822C8FE20400A5651F /* Attributes.swift in Sources */,
				DA1D66B52C8FE89800A5651F /* EnDeCrypt.swift in Sources */,
				DA1D668E2C8FE20400A5651F /* Cleaner.swift in Sources */,
				DA1D66952C8FE20400A5651F /* Entities.swift in Sources */,
				DA1D66B82C8FE89800A5651F /* OwHandle.swift in Sources */,
				DA1D66992C8FE20400A5651F /* Token.swift in Sources */,
				DA1D66742C8FE20400A5651F /* Node.swift in Sources */,
				DA1D66B42C8FE89800A5651F /* NetworkAuth.swift in Sources */,
				DA1D66A12C8FE20400A5651F /* TokenQueue.swift in Sources */,
				DA1D66722C8FE20400A5651F /* Whitelist.swift in Sources */,
				DA1D66A52C8FE20400A5651F /* SimpleDictionary.swift in Sources */,
				DA1D66A32C8FE20400A5651F /* ParseErrorList.swift in Sources */,
				DA1D66B32C8FE89800A5651F /* ShellRun.swift in Sources */,
				DA1D66982C8FE20400A5651F /* DataNode.swift in Sources */,
				DA1D66852C8FE20400A5651F /* HttpStatusException.swift in Sources */,
				DA1D669E2C8FE20400A5651F /* CharacterExt.swift in Sources */,
				DA1D66732C8FE20400A5651F /* OrderedSet.swift in Sources */,
				DA1D668F2C8FE20400A5651F /* SerializationException.swift in Sources */,
				DA1D668C2C8FE20400A5651F /* TreeBuilder.swift in Sources */,
				DA1D666A2C8FE20400A5651F /* Attribute.swift in Sources */,
				DA1D66962C8FE20400A5651F /* Collector.swift in Sources */,
				DA1D66B92C8FE89800A5651F /* FindServerCheckAccess.swift in Sources */,
				DA1D66A02C8FE20400A5651F /* DataUtil.swift in Sources */,
				DA1D66882C8FE20400A5651F /* Evaluator.swift in Sources */,
				DA1D66772C8FE20400A5651F /* Exception.swift in Sources */,
				DA1D66922C8FE20400A5651F /* Tokeniser.swift in Sources */,
				DA1D667E2C8FE20400A5651F /* UnfairLock.swift in Sources */,
				DA1D66A82C8FE20400A5651F /* Document.swift in Sources */,
				DA1D661D2C8FDFEE00A5651F /* ViewController.swift in Sources */,
				DA1D666D2C8FE20400A5651F /* Connection.swift in Sources */,
				DA1D669F2C8FE20400A5651F /* HtmlTreeBuilder.swift in Sources */,
				DA1D666B2C8FE20400A5651F /* Element.swift in Sources */,
				DA1D66942C8FE20400A5651F /* XmlDeclaration.swift in Sources */,
				DA1D66802C8FE20400A5651F /* Pattern.swift in Sources */,
				DA1D66832C8FE20400A5651F /* ArrayExt.swift in Sources */,
				DA1D66862C8FE20400A5651F /* Parser.swift in Sources */,
				DA1D661B2C8FDFEE00A5651F /* AppDelegate.swift in Sources */,
				DA1D66932C8FE20400A5651F /* CombiningEvaluator.swift in Sources */,
				DA1D668D2C8FE20400A5651F /* BooleanAttribute.swift in Sources */,
				DA1D667B2C8FE20400A5651F /* NodeTraversor.swift in Sources */,
				DA1D66A22C8FE20400A5651F /* XmlTreeBuilder.swift in Sources */,
				DA1D66972C8FE20400A5651F /* Elements.swift in Sources */,
				DA1D667C2C8FE20400A5651F /* Mutex.swift in Sources */,
			);
			runOnlyForDeploymentPostprocessing = 0;
		};
/* End PBXSourcesBuildPhase section */

/* Begin PBXVariantGroup section */
		DA1D66202C8FDFF100A5651F /* Main.storyboard */ = {
			isa = PBXVariantGroup;
			children = (
				DA1D66212C8FDFF100A5651F /* Base */,
			);
			name = Main.storyboard;
			sourceTree = "<group>";
		};
/* End PBXVariantGroup section */

/* Begin XCBuildConfiguration section */
		DA1D66242C8FDFF100A5651F /* Debug */ = {
			isa = XCBuildConfiguration;
			buildSettings = {
				ALWAYS_SEARCH_USER_PATHS = NO;
				CLANG_ANALYZER_NONNULL = YES;
				CLANG_ANALYZER_NUMBER_OBJECT_CONVERSION = YES_AGGRESSIVE;
				CLANG_CXX_LANGUAGE_STANDARD = "gnu++20";
				CLANG_ENABLE_MODULES = YES;
				CLANG_ENABLE_OBJC_ARC = YES;
				CLANG_ENABLE_OBJC_WEAK = YES;
				CLANG_WARN_BLOCK_CAPTURE_AUTORELEASING = YES;
				CLANG_WARN_BOOL_CONVERSION = YES;
				CLANG_WARN_COMMA = YES;
				CLANG_WARN_CONSTANT_CONVERSION = YES;
				CLANG_WARN_DEPRECATED_OBJC_IMPLEMENTATIONS = YES;
				CLANG_WARN_DIRECT_OBJC_ISA_USAGE = YES_ERROR;
				CLANG_WARN_DOCUMENTATION_COMMENTS = YES;
				CLANG_WARN_EMPTY_BODY = YES;
				CLANG_WARN_ENUM_CONVERSION = YES;
				CLANG_WARN_INFINITE_RECURSION = YES;
				CLANG_WARN_INT_CONVERSION = YES;
				CLANG_WARN_NON_LITERAL_NULL_CONVERSION = YES;
				CLANG_WARN_OBJC_IMPLICIT_RETAIN_SELF = YES;
				CLANG_WARN_OBJC_LITERAL_CONVERSION = YES;
				CLANG_WARN_OBJC_ROOT_CLASS = YES_ERROR;
				CLANG_WARN_QUOTED_INCLUDE_IN_FRAMEWORK_HEADER = YES;
				CLANG_WARN_RANGE_LOOP_ANALYSIS = YES;
				CLANG_WARN_STRICT_PROTOTYPES = YES;
				CLANG_WARN_SUSPICIOUS_MOVE = YES;
				CLANG_WARN_UNGUARDED_AVAILABILITY = YES_AGGRESSIVE;
				CLANG_WARN_UNREACHABLE_CODE = YES;
				CLANG_WARN__DUPLICATE_METHOD_MATCH = YES;
				COPY_PHASE_STRIP = NO;
				DEBUG_INFORMATION_FORMAT = dwarf;
				ENABLE_STRICT_OBJC_MSGSEND = YES;
				ENABLE_TESTABILITY = YES;
				GCC_C_LANGUAGE_STANDARD = gnu11;
				GCC_DYNAMIC_NO_PIC = NO;
				GCC_NO_COMMON_BLOCKS = YES;
				GCC_OPTIMIZATION_LEVEL = 0;
				GCC_PREPROCESSOR_DEFINITIONS = (
					"DEBUG=1",
					"$(inherited)",
				);
				GCC_WARN_64_TO_32_BIT_CONVERSION = YES;
				GCC_WARN_ABOUT_RETURN_TYPE = YES_ERROR;
				GCC_WARN_UNDECLARED_SELECTOR = YES;
				GCC_WARN_UNINITIALIZED_AUTOS = YES_AGGRESSIVE;
				GCC_WARN_UNUSED_FUNCTION = YES;
				GCC_WARN_UNUSED_VARIABLE = YES;
				MACOSX_DEPLOYMENT_TARGET = 13.3;
				MTL_ENABLE_DEBUG_INFO = INCLUDE_SOURCE;
				MTL_FAST_MATH = YES;
				ONLY_ACTIVE_ARCH = YES;
				SDKROOT = macosx;
				SWIFT_ACTIVE_COMPILATION_CONDITIONS = DEBUG;
				SWIFT_OPTIMIZATION_LEVEL = "-Onone";
			};
			name = Debug;
		};
		DA1D66252C8FDFF100A5651F /* Release */ = {
			isa = XCBuildConfiguration;
			buildSettings = {
				ALWAYS_SEARCH_USER_PATHS = NO;
				CLANG_ANALYZER_NONNULL = YES;
				CLANG_ANALYZER_NUMBER_OBJECT_CONVERSION = YES_AGGRESSIVE;
				CLANG_CXX_LANGUAGE_STANDARD = "gnu++20";
				CLANG_ENABLE_MODULES = YES;
				CLANG_ENABLE_OBJC_ARC = YES;
				CLANG_ENABLE_OBJC_WEAK = YES;
				CLANG_WARN_BLOCK_CAPTURE_AUTORELEASING = YES;
				CLANG_WARN_BOOL_CONVERSION = YES;
				CLANG_WARN_COMMA = YES;
				CLANG_WARN_CONSTANT_CONVERSION = YES;
				CLANG_WARN_DEPRECATED_OBJC_IMPLEMENTATIONS = YES;
				CLANG_WARN_DIRECT_OBJC_ISA_USAGE = YES_ERROR;
				CLANG_WARN_DOCUMENTATION_COMMENTS = YES;
				CLANG_WARN_EMPTY_BODY = YES;
				CLANG_WARN_ENUM_CONVERSION = YES;
				CLANG_WARN_INFINITE_RECURSION = YES;
				CLANG_WARN_INT_CONVERSION = YES;
				CLANG_WARN_NON_LITERAL_NULL_CONVERSION = YES;
				CLANG_WARN_OBJC_IMPLICIT_RETAIN_SELF = YES;
				CLANG_WARN_OBJC_LITERAL_CONVERSION = YES;
				CLANG_WARN_OBJC_ROOT_CLASS = YES_ERROR;
				CLANG_WARN_QUOTED_INCLUDE_IN_FRAMEWORK_HEADER = YES;
				CLANG_WARN_RANGE_LOOP_ANALYSIS = YES;
				CLANG_WARN_STRICT_PROTOTYPES = YES;
				CLANG_WARN_SUSPICIOUS_MOVE = YES;
				CLANG_WARN_UNGUARDED_AVAILABILITY = YES_AGGRESSIVE;
				CLANG_WARN_UNREACHABLE_CODE = YES;
				CLANG_WARN__DUPLICATE_METHOD_MATCH = YES;
				COPY_PHASE_STRIP = NO;
				DEBUG_INFORMATION_FORMAT = "dwarf-with-dsym";
				ENABLE_NS_ASSERTIONS = NO;
				ENABLE_STRICT_OBJC_MSGSEND = YES;
				GCC_C_LANGUAGE_STANDARD = gnu11;
				GCC_NO_COMMON_BLOCKS = YES;
				GCC_WARN_64_TO_32_BIT_CONVERSION = YES;
				GCC_WARN_ABOUT_RETURN_TYPE = YES_ERROR;
				GCC_WARN_UNDECLARED_SELECTOR = YES;
				GCC_WARN_UNINITIALIZED_AUTOS = YES_AGGRESSIVE;
				GCC_WARN_UNUSED_FUNCTION = YES;
				GCC_WARN_UNUSED_VARIABLE = YES;
				MACOSX_DEPLOYMENT_TARGET = 13.3;
				MTL_ENABLE_DEBUG_INFO = NO;
				MTL_FAST_MATH = YES;
				SDKROOT = macosx;
				SWIFT_COMPILATION_MODE = wholemodule;
				SWIFT_OPTIMIZATION_LEVEL = "-O";
			};
			name = Release;
		};
		DA1D66272C8FDFF100A5651F /* Debug */ = {
			isa = XCBuildConfiguration;
			buildSettings = {
				ASSETCATALOG_COMPILER_APPICON_NAME = AppIcon;
				ASSETCATALOG_COMPILER_GLOBAL_ACCENT_COLOR_NAME = AccentColor;
				CODE_SIGN_ENTITLEMENTS = OwCal/OwCal.entitlements;
				CODE_SIGN_STYLE = Automatic;
				COMBINE_HIDPI_IMAGES = YES;
				CURRENT_PROJECT_VERSION = 1;
				DEVELOPMENT_TEAM = 5FD7SLDGT5;
				ENABLE_HARDENED_RUNTIME = YES;
				GENERATE_INFOPLIST_FILE = YES;
				INFOPLIST_FILE = OwCal/Info.plist;
				INFOPLIST_KEY_CFBundleDisplayName = OwCal;
				INFOPLIST_KEY_LSApplicationCategoryType = "public.app-category.utilities";
				INFOPLIST_KEY_LSUIElement = YES;
				INFOPLIST_KEY_NSHumanReadableCopyright = "";
				INFOPLIST_KEY_NSMainStoryboardFile = Main;
				INFOPLIST_KEY_NSPrincipalClass = NSApplication;
				LD_RUNPATH_SEARCH_PATHS = (
					"$(inherited)",
					"@executable_path/../Frameworks",
				);
				MACOSX_DEPLOYMENT_TARGET = 10.15;
				MARKETING_VERSION = 2.0;
				PRODUCT_BUNDLE_IDENTIFIER = com.personal.OwCal;
				PRODUCT_NAME = OwCal;
				SWIFT_EMIT_LOC_STRINGS = YES;
				SWIFT_VERSION = 5.0;
			};
			name = Debug;
		};
		DA1D66282C8FDFF100A5651F /* Release */ = {
			isa = XCBuildConfiguration;
			buildSettings = {
				ASSETCATALOG_COMPILER_APPICON_NAME = AppIcon;
				ASSETCATALOG_COMPILER_GLOBAL_ACCENT_COLOR_NAME = AccentColor;
				CODE_SIGN_ENTITLEMENTS = OwCal/OwCal.entitlements;
				CODE_SIGN_STYLE = Automatic;
				COMBINE_HIDPI_IMAGES = YES;
				CURRENT_PROJECT_VERSION = 1;
				DEVELOPMENT_TEAM = 5FD7SLDGT5;
				ENABLE_HARDENED_RUNTIME = YES;
				GENERATE_INFOPLIST_FILE = YES;
				INFOPLIST_FILE = OwCal/Info.plist;
				INFOPLIST_KEY_CFBundleDisplayName = OwCal;
				INFOPLIST_KEY_LSApplicationCategoryType = "public.app-category.utilities";
				INFOPLIST_KEY_LSUIElement = YES;
				INFOPLIST_KEY_NSHumanReadableCopyright = "";
				INFOPLIST_KEY_NSMainStoryboardFile = Main;
				INFOPLIST_KEY_NSPrincipalClass = NSApplication;
				LD_RUNPATH_SEARCH_PATHS = (
					"$(inherited)",
					"@executable_path/../Frameworks",
				);
				MACOSX_DEPLOYMENT_TARGET = 10.15;
				MARKETING_VERSION = 2.0;
				PRODUCT_BUNDLE_IDENTIFIER = com.personal.OwCal;
				PRODUCT_NAME = OwCal;
				SWIFT_EMIT_LOC_STRINGS = YES;
				SWIFT_VERSION = 5.0;
			};
			name = Release;
		};
/* End XCBuildConfiguration section */

/* Begin XCConfigurationList section */
		DA1D66122C8FDFEE00A5651F /* Build configuration list for PBXProject "OwCal" */ = {
			isa = XCConfigurationList;
			buildConfigurations = (
				DA1D66242C8FDFF100A5651F /* Debug */,
				DA1D66252C8FDFF100A5651F /* Release */,
			);
			defaultConfigurationIsVisible = 0;
			defaultConfigurationName = Release;
		};
		DA1D66262C8FDFF100A5651F /* Build configuration list for PBXNativeTarget "OwCal" */ = {
			isa = XCConfigurationList;
			buildConfigurations = (
				DA1D66272C8FDFF100A5651F /* Debug */,
				DA1D66282C8FDFF100A5651F /* Release */,
			);
			defaultConfigurationIsVisible = 0;
			defaultConfigurationName = Release;
		};
/* End XCConfigurationList section */
	};
	rootObject = DA1D660F2C8FDFEE00A5651F /* Project object */;
}
